
Microsoft Visual Studio Solution File, Format Version 12.00
# Visual Studio Version 17
VisualStudioVersion = 17.5.001.0
MinimumVisualStudioVersion = 10.0.40219.1
Project("{9A19103F-16F7-4668-BE54-9A1E7A4F7556}") = "task1", "task1.csproj", "{D5D29AEC-7C3F-419E-841C-A8F10B00BFCB}"
EndProject
Global
	GlobalSection(SolutionConfigurationPlatforms) = preSolution
		Debug|Any CPU = Debug|Any CPU
		Release|Any CPU = Release|Any CPU
	EndGlobalSection
	GlobalSection(ProjectConfigurationPlatforms) = postSolution
		{D5D29AEC-7C3F-419E-841C-A8F10B00BFCB}.Debug|Any CPU.ActiveCfg = Debug|Any CPU
		{D5D29AEC-7C3F-419E-841C-A8F10B00BFCB}.Debug|Any CPU.Build.0 = Debug|Any CPU
		{D5D29AEC-7C3F-419E-841C-A8F10B00BFCB}.Release|Any CPU.ActiveCfg = Release|Any CPU
		{D5D29AEC-7C3F-419E-841C-A8F10B00BFCB}.Release|Any CPU.Build.0 = Release|Any CPU
	EndGlobalSection
	GlobalSection(SolutionProperties) = preSolution
		HideSolutionNode = FALSE
	EndGlobalSection
	GlobalSection(ExtensibilityGlobals) = postSolution
		SolutionGuid = {F81FF408-1B6C-4399-99BD-FBCAEED2018B}
	EndGlobalSection
EndGlobal
